// !$*UTF8*$!
{
	archiveVersion = 1;
	classes = {
	};
	objectVersion = 50;
	objects = {

/* Begin PBXBuildFile section */
		36282C8323ED007E00DAC341 /* CollectionsViewController.swift in Sources */ = {isa = PBXBuildFile; fileRef = 36282C8223ED007E00DAC341 /* CollectionsViewController.swift */; };
		36282C8523ED01D800DAC341 /* HorizontalCollectionView.swift in Sources */ = {isa = PBXBuildFile; fileRef = 36282C8423ED01D800DAC341 /* HorizontalCollectionView.swift */; };
		36282C8723ED01F500DAC341 /* VerticalCollectionView.swift in Sources */ = {isa = PBXBuildFile; fileRef = 36282C8623ED01F500DAC341 /* VerticalCollectionView.swift */; };
		36282C8B23ED07D300DAC341 /* ManagerCollectionsView.swift in Sources */ = {isa = PBXBuildFile; fileRef = 36282C8A23ED07D300DAC341 /* ManagerCollectionsView.swift */; };
		363395B223DE0EEA000B5E48 /* ScrollViewController.swift in Sources */ = {isa = PBXBuildFile; fileRef = 363395B123DE0EEA000B5E48 /* ScrollViewController.swift */; };
		363395B423DE0F13000B5E48 /* ScrollView.swift in Sources */ = {isa = PBXBuildFile; fileRef = 363395B323DE0F13000B5E48 /* ScrollView.swift */; };
		363395B623DE3B63000B5E48 /* GestureViewController.swift in Sources */ = {isa = PBXBuildFile; fileRef = 363395B523DE3B63000B5E48 /* GestureViewController.swift */; };
		363395B823DE3BF3000B5E48 /* GestureView.swift in Sources */ = {isa = PBXBuildFile; fileRef = 363395B723DE3BF3000B5E48 /* GestureView.swift */; };
		364C3A5523E0F27F00C857EE /* CustomViewController.swift in Sources */ = {isa = PBXBuildFile; fileRef = 364C3A5423E0F27F00C857EE /* CustomViewController.swift */; };
		364C3A5723E0F2A500C857EE /* CustomTableView.swift in Sources */ = {isa = PBXBuildFile; fileRef = 364C3A5623E0F2A500C857EE /* CustomTableView.swift */; };
		364C3A5923E0F45600C857EE /* CustomOneTableViewCell.swift in Sources */ = {isa = PBXBuildFile; fileRef = 364C3A5823E0F45600C857EE /* CustomOneTableViewCell.swift */; };
		364C3A5F23E0F9C400C857EE /* CustomModel.swift in Sources */ = {isa = PBXBuildFile; fileRef = 364C3A5E23E0F9C400C857EE /* CustomModel.swift */; };
		364C3A6123E100C800C857EE /* CustomTwoTableViewCell.swift in Sources */ = {isa = PBXBuildFile; fileRef = 364C3A6023E100C800C857EE /* CustomTwoTableViewCell.swift */; };
		364C3A6323E100F400C857EE /* CustomThreeTableViewCell.swift in Sources */ = {isa = PBXBuildFile; fileRef = 364C3A6223E100F400C857EE /* CustomThreeTableViewCell.swift */; };
		364C3A6523E1010800C857EE /* CustomFourTableViewCell.swift in Sources */ = {isa = PBXBuildFile; fileRef = 364C3A6423E1010800C857EE /* CustomFourTableViewCell.swift */; };
		367A1EC123F87B9400437B74 /* VerticalCollectionViewCell.swift in Sources */ = {isa = PBXBuildFile; fileRef = 367A1EC023F87B9400437B74 /* VerticalCollectionViewCell.swift */; };
		367A1EC323F87CFB00437B74 /* HorizontalCollectionViewCell.swift in Sources */ = {isa = PBXBuildFile; fileRef = 367A1EC223F87CFB00437B74 /* HorizontalCollectionViewCell.swift */; };
		36EEDC2923DCE4120091817A /* AppDelegate.swift in Sources */ = {isa = PBXBuildFile; fileRef = 36EEDC2823DCE4120091817A /* AppDelegate.swift */; };
		36EEDC2B23DCE4120091817A /* SceneDelegate.swift in Sources */ = {isa = PBXBuildFile; fileRef = 36EEDC2A23DCE4120091817A /* SceneDelegate.swift */; };
		36EEDC3023DCE4120091817A /* Main.storyboard in Resources */ = {isa = PBXBuildFile; fileRef = 36EEDC2E23DCE4120091817A /* Main.storyboard */; };
		36EEDC3223DCE41A0091817A /* Assets.xcassets in Resources */ = {isa = PBXBuildFile; fileRef = 36EEDC3123DCE41A0091817A /* Assets.xcassets */; };
		36EEDC3523DCE41A0091817A /* LaunchScreen.storyboard in Resources */ = {isa = PBXBuildFile; fileRef = 36EEDC3323DCE41A0091817A /* LaunchScreen.storyboard */; };
		36EEDC4623DCEF460091817A /* ExampleViewController.swift in Sources */ = {isa = PBXBuildFile; fileRef = 36EEDC4523DCEF460091817A /* ExampleViewController.swift */; };
		36EEDC4823DCF6E80091817A /* SimpleTableView.swift in Sources */ = {isa = PBXBuildFile; fileRef = 36EEDC4723DCF6E80091817A /* SimpleTableView.swift */; };
		36EEDC4D23DCFAA30091817A /* SimpleTableViewCell.swift in Sources */ = {isa = PBXBuildFile; fileRef = 36EEDC4C23DCFAA30091817A /* SimpleTableViewCell.swift */; };
		36EEDC5023DD020A0091817A /* StackTableViewController.swift in Sources */ = {isa = PBXBuildFile; fileRef = 36EEDC4F23DD020A0091817A /* StackTableViewController.swift */; };
		36EEDC5223DD09980091817A /* StackView.swift in Sources */ = {isa = PBXBuildFile; fileRef = 36EEDC5123DD09980091817A /* StackView.swift */; };
		36F3460A23F4DD0200B481B3 /* ShapeLayerViewController.swift in Sources */ = {isa = PBXBuildFile; fileRef = 36F3460923F4DD0200B481B3 /* ShapeLayerViewController.swift */; };
		36F3460C23F4DD2C00B481B3 /* ShapeLayerView.swift in Sources */ = {isa = PBXBuildFile; fileRef = 36F3460B23F4DD2C00B481B3 /* ShapeLayerView.swift */; };
/* End PBXBuildFile section */

/* Begin PBXFileReference section */
		36282C8223ED007E00DAC341 /* CollectionsViewController.swift */ = {isa = PBXFileReference; lastKnownFileType = sourcecode.swift; path = CollectionsViewController.swift; sourceTree = "<group>"; };
		36282C8423ED01D800DAC341 /* HorizontalCollectionView.swift */ = {isa = PBXFileReference; lastKnownFileType = sourcecode.swift; path = HorizontalCollectionView.swift; sourceTree = "<group>"; };
		36282C8623ED01F500DAC341 /* VerticalCollectionView.swift */ = {isa = PBXFileReference; lastKnownFileType = sourcecode.swift; path = VerticalCollectionView.swift; sourceTree = "<group>"; };
		36282C8A23ED07D300DAC341 /* ManagerCollectionsView.swift */ = {isa = PBXFileReference; lastKnownFileType = sourcecode.swift; path = ManagerCollectionsView.swift; sourceTree = "<group>"; };
		363395B123DE0EEA000B5E48 /* ScrollViewController.swift */ = {isa = PBXFileReference; lastKnownFileType = sourcecode.swift; path = ScrollViewController.swift; sourceTree = "<group>"; };
		363395B323DE0F13000B5E48 /* ScrollView.swift */ = {isa = PBXFileReference; lastKnownFileType = sourcecode.swift; path = ScrollView.swift; sourceTree = "<group>"; };
		363395B523DE3B63000B5E48 /* GestureViewController.swift */ = {isa = PBXFileReference; lastKnownFileType = sourcecode.swift; path = GestureViewController.swift; sourceTree = "<group>"; };
		363395B723DE3BF3000B5E48 /* GestureView.swift */ = {isa = PBXFileReference; lastKnownFileType = sourcecode.swift; path = GestureView.swift; sourceTree = "<group>"; };
		364C3A5423E0F27F00C857EE /* CustomViewController.swift */ = {isa = PBXFileReference; lastKnownFileType = sourcecode.swift; path = CustomViewController.swift; sourceTree = "<group>"; };
		364C3A5623E0F2A500C857EE /* CustomTableView.swift */ = {isa = PBXFileReference; lastKnownFileType = sourcecode.swift; path = CustomTableView.swift; sourceTree = "<group>"; };
		364C3A5823E0F45600C857EE /* CustomOneTableViewCell.swift */ = {isa = PBXFileReference; lastKnownFileType = sourcecode.swift; path = CustomOneTableViewCell.swift; sourceTree = "<group>"; };
		364C3A5E23E0F9C400C857EE /* CustomModel.swift */ = {isa = PBXFileReference; lastKnownFileType = sourcecode.swift; path = CustomModel.swift; sourceTree = "<group>"; };
		364C3A6023E100C800C857EE /* CustomTwoTableViewCell.swift */ = {isa = PBXFileReference; lastKnownFileType = sourcecode.swift; path = CustomTwoTableViewCell.swift; sourceTree = "<group>"; };
		364C3A6223E100F400C857EE /* CustomThreeTableViewCell.swift */ = {isa = PBXFileReference; lastKnownFileType = sourcecode.swift; path = CustomThreeTableViewCell.swift; sourceTree = "<group>"; };
		364C3A6423E1010800C857EE /* CustomFourTableViewCell.swift */ = {isa = PBXFileReference; lastKnownFileType = sourcecode.swift; path = CustomFourTableViewCell.swift; sourceTree = "<group>"; };
		367A1EC023F87B9400437B74 /* VerticalCollectionViewCell.swift */ = {isa = PBXFileReference; lastKnownFileType = sourcecode.swift; path = VerticalCollectionViewCell.swift; sourceTree = "<group>"; };
		367A1EC223F87CFB00437B74 /* HorizontalCollectionViewCell.swift */ = {isa = PBXFileReference; lastKnownFileType = sourcecode.swift; path = HorizontalCollectionViewCell.swift; sourceTree = "<group>"; };
		36EEDC2523DCE4120091817A /* Study.app */ = {isa = PBXFileReference; explicitFileType = wrapper.application; includeInIndex = 0; path = Study.app; sourceTree = BUILT_PRODUCTS_DIR; };
		36EEDC2823DCE4120091817A /* AppDelegate.swift */ = {isa = PBXFileReference; lastKnownFileType = sourcecode.swift; path = AppDelegate.swift; sourceTree = "<group>"; };
		36EEDC2A23DCE4120091817A /* SceneDelegate.swift */ = {isa = PBXFileReference; lastKnownFileType = sourcecode.swift; path = SceneDelegate.swift; sourceTree = "<group>"; };
		36EEDC2F23DCE4120091817A /* Base */ = {isa = PBXFileReference; lastKnownFileType = file.storyboard; name = Base; path = Base.lproj/Main.storyboard; sourceTree = "<group>"; };
		36EEDC3123DCE41A0091817A /* Assets.xcassets */ = {isa = PBXFileReference; lastKnownFileType = folder.assetcatalog; path = Assets.xcassets; sourceTree = "<group>"; };
		36EEDC3423DCE41A0091817A /* Base */ = {isa = PBXFileReference; lastKnownFileType = file.storyboard; name = Base; path = Base.lproj/LaunchScreen.storyboard; sourceTree = "<group>"; };
		36EEDC3623DCE41A0091817A /* Info.plist */ = {isa = PBXFileReference; lastKnownFileType = text.plist.xml; path = Info.plist; sourceTree = "<group>"; };
		36EEDC4523DCEF460091817A /* ExampleViewController.swift */ = {isa = PBXFileReference; lastKnownFileType = sourcecode.swift; path = ExampleViewController.swift; sourceTree = "<group>"; };
		36EEDC4723DCF6E80091817A /* SimpleTableView.swift */ = {isa = PBXFileReference; lastKnownFileType = sourcecode.swift; path = SimpleTableView.swift; sourceTree = "<group>"; };
		36EEDC4C23DCFAA30091817A /* SimpleTableViewCell.swift */ = {isa = PBXFileReference; lastKnownFileType = sourcecode.swift; path = SimpleTableViewCell.swift; sourceTree = "<group>"; };
		36EEDC4F23DD020A0091817A /* StackTableViewController.swift */ = {isa = PBXFileReference; lastKnownFileType = sourcecode.swift; path = StackTableViewController.swift; sourceTree = "<group>"; };
		36EEDC5123DD09980091817A /* StackView.swift */ = {isa = PBXFileReference; lastKnownFileType = sourcecode.swift; path = StackView.swift; sourceTree = "<group>"; };
		36F3460923F4DD0200B481B3 /* ShapeLayerViewController.swift */ = {isa = PBXFileReference; lastKnownFileType = sourcecode.swift; path = ShapeLayerViewController.swift; sourceTree = "<group>"; };
		36F3460B23F4DD2C00B481B3 /* ShapeLayerView.swift */ = {isa = PBXFileReference; lastKnownFileType = sourcecode.swift; path = ShapeLayerView.swift; sourceTree = "<group>"; };
/* End PBXFileReference section */

/* Begin PBXFrameworksBuildPhase section */
		36EEDC2223DCE4120091817A /* Frameworks */ = {
			isa = PBXFrameworksBuildPhase;
			buildActionMask = 2147483647;
			files = (
			);
			runOnlyForDeploymentPostprocessing = 0;
		};
/* End PBXFrameworksBuildPhase section */

/* Begin PBXGroup section */
		363395B023DE0EC2000B5E48 /* View */ = {
			isa = PBXGroup;
			children = (
				36EEDC5123DD09980091817A /* StackView.swift */,
				36282C8A23ED07D300DAC341 /* ManagerCollectionsView.swift */,
				367A1EBE23F87B6400437B74 /* CollectionView */,
				363395B723DE3BF3000B5E48 /* GestureView.swift */,
				363395B323DE0F13000B5E48 /* ScrollView.swift */,
				36F3460B23F4DD2C00B481B3 /* ShapeLayerView.swift */,
			);
			path = View;
			sourceTree = "<group>";
		};
		364C3A5C23E0F83C00C857EE /* Model */ = {
			isa = PBXGroup;
			children = (
				364C3A5E23E0F9C400C857EE /* CustomModel.swift */,
			);
			path = Model;
			sourceTree = "<group>";
		};
		367A1EBE23F87B6400437B74 /* CollectionView */ = {
			isa = PBXGroup;
			children = (
				36282C8423ED01D800DAC341 /* HorizontalCollectionView.swift */,
				36282C8623ED01F500DAC341 /* VerticalCollectionView.swift */,
				367A1EBF23F87B7B00437B74 /* Cell */,
			);
			path = CollectionView;
			sourceTree = "<group>";
		};
		367A1EBF23F87B7B00437B74 /* Cell */ = {
			isa = PBXGroup;
			children = (
				367A1EC023F87B9400437B74 /* VerticalCollectionViewCell.swift */,
				367A1EC223F87CFB00437B74 /* HorizontalCollectionViewCell.swift */,
			);
			path = Cell;
			sourceTree = "<group>";
		};
		36EEDC1C23DCE4120091817A = {
			isa = PBXGroup;
			children = (
				36EEDC2723DCE4120091817A /* Study */,
				36EEDC2623DCE4120091817A /* Products */,
			);
			sourceTree = "<group>";
		};
		36EEDC2623DCE4120091817A /* Products */ = {
			isa = PBXGroup;
			children = (
				36EEDC2523DCE4120091817A /* Study.app */,
			);
			name = Products;
			sourceTree = "<group>";
		};
		36EEDC2723DCE4120091817A /* Study */ = {
			isa = PBXGroup;
			children = (
				36EEDC2823DCE4120091817A /* AppDelegate.swift */,
				36EEDC2A23DCE4120091817A /* SceneDelegate.swift */,
				36EEDC3E23DCE65B0091817A /* Controllers */,
				36EEDC2E23DCE4120091817A /* Main.storyboard */,
				36EEDC3123DCE41A0091817A /* Assets.xcassets */,
				36EEDC3323DCE41A0091817A /* LaunchScreen.storyboard */,
				36EEDC3623DCE41A0091817A /* Info.plist */,
			);
			path = Study;
			sourceTree = "<group>";
		};
		36EEDC3E23DCE65B0091817A /* Controllers */ = {
			isa = PBXGroup;
			children = (
				36EEDC4523DCEF460091817A /* ExampleViewController.swift */,
				36EEDC4F23DD020A0091817A /* StackTableViewController.swift */,
				363395B523DE3B63000B5E48 /* GestureViewController.swift */,
				363395B123DE0EEA000B5E48 /* ScrollViewController.swift */,
				36282C8223ED007E00DAC341 /* CollectionsViewController.swift */,
				364C3A5423E0F27F00C857EE /* CustomViewController.swift */,
				36F3460923F4DD0200B481B3 /* ShapeLayerViewController.swift */,
				364C3A5C23E0F83C00C857EE /* Model */,
				363395B023DE0EC2000B5E48 /* View */,
				36EEDC4123DCE9550091817A /* TableView */,
			);
			path = Controllers;
			sourceTree = "<group>";
		};
		36EEDC4123DCE9550091817A /* TableView */ = {
			isa = PBXGroup;
			children = (
				364C3A5623E0F2A500C857EE /* CustomTableView.swift */,
				36EEDC4723DCF6E80091817A /* SimpleTableView.swift */,
				36EEDC4E23DD01AB0091817A /* Cell */,
			);
			path = TableView;
			sourceTree = "<group>";
		};
		36EEDC4E23DD01AB0091817A /* Cell */ = {
			isa = PBXGroup;
			children = (
				36EEDC4C23DCFAA30091817A /* SimpleTableViewCell.swift */,
				364C3A5823E0F45600C857EE /* CustomOneTableViewCell.swift */,
				364C3A6023E100C800C857EE /* CustomTwoTableViewCell.swift */,
				364C3A6223E100F400C857EE /* CustomThreeTableViewCell.swift */,
				364C3A6423E1010800C857EE /* CustomFourTableViewCell.swift */,
			);
			path = Cell;
			sourceTree = "<group>";
		};
/* End PBXGroup section */

/* Begin PBXNativeTarget section */
		36EEDC2423DCE4120091817A /* Study */ = {
			isa = PBXNativeTarget;
			buildConfigurationList = 36EEDC3923DCE41A0091817A /* Build configuration list for PBXNativeTarget "Study" */;
			buildPhases = (
				36EEDC2123DCE4120091817A /* Sources */,
				36EEDC2223DCE4120091817A /* Frameworks */,
				36EEDC2323DCE4120091817A /* Resources */,
			);
			buildRules = (
			);
			dependencies = (
			);
			name = Study;
			productName = Study;
			productReference = 36EEDC2523DCE4120091817A /* Study.app */;
			productType = "com.apple.product-type.application";
		};
/* End PBXNativeTarget section */

/* Begin PBXProject section */
		36EEDC1D23DCE4120091817A /* Project object */ = {
			isa = PBXProject;
			attributes = {
				LastSwiftUpdateCheck = 1130;
				LastUpgradeCheck = 1130;
				ORGANIZATIONNAME = "Gustavo Rocha";
				TargetAttributes = {
					36EEDC2423DCE4120091817A = {
						CreatedOnToolsVersion = 11.3;
					};
				};
			};
			buildConfigurationList = 36EEDC2023DCE4120091817A /* Build configuration list for PBXProject "Study" */;
			compatibilityVersion = "Xcode 9.3";
			developmentRegion = en;
			hasScannedForEncodings = 0;
			knownRegions = (
				en,
				Base,
			);
			mainGroup = 36EEDC1C23DCE4120091817A;
			productRefGroup = 36EEDC2623DCE4120091817A /* Products */;
			projectDirPath = "";
			projectRoot = "";
			targets = (
				36EEDC2423DCE4120091817A /* Study */,
			);
		};
/* End PBXProject section */

/* Begin PBXResourcesBuildPhase section */
		36EEDC2323DCE4120091817A /* Resources */ = {
			isa = PBXResourcesBuildPhase;
			buildActionMask = 2147483647;
			files = (
				36EEDC3523DCE41A0091817A /* LaunchScreen.storyboard in Resources */,
				36EEDC3223DCE41A0091817A /* Assets.xcassets in Resources */,
				36EEDC3023DCE4120091817A /* Main.storyboard in Resources */,
			);
			runOnlyForDeploymentPostprocessing = 0;
		};
/* End PBXResourcesBuildPhase section */

/* Begin PBXSourcesBuildPhase section */
		36EEDC2123DCE4120091817A /* Sources */ = {
			isa = PBXSourcesBuildPhase;
			buildActionMask = 2147483647;
			files = (
				36F3460C23F4DD2C00B481B3 /* ShapeLayerView.swift in Sources */,
				36282C8323ED007E00DAC341 /* CollectionsViewController.swift in Sources */,
				36F3460A23F4DD0200B481B3 /* ShapeLayerViewController.swift in Sources */,
				364C3A6523E1010800C857EE /* CustomFourTableViewCell.swift in Sources */,
				364C3A5723E0F2A500C857EE /* CustomTableView.swift in Sources */,
				36EEDC2923DCE4120091817A /* AppDelegate.swift in Sources */,
				364C3A6323E100F400C857EE /* CustomThreeTableViewCell.swift in Sources */,
				36EEDC5223DD09980091817A /* StackView.swift in Sources */,
				36282C8523ED01D800DAC341 /* HorizontalCollectionView.swift in Sources */,
				36EEDC4823DCF6E80091817A /* SimpleTableView.swift in Sources */,
				367A1EC323F87CFB00437B74 /* HorizontalCollectionViewCell.swift in Sources */,
				364C3A5523E0F27F00C857EE /* CustomViewController.swift in Sources */,
				36EEDC2B23DCE4120091817A /* SceneDelegate.swift in Sources */,
				36EEDC4D23DCFAA30091817A /* SimpleTableViewCell.swift in Sources */,
				363395B223DE0EEA000B5E48 /* ScrollViewController.swift in Sources */,
				367A1EC123F87B9400437B74 /* VerticalCollectionViewCell.swift in Sources */,
				36282C8723ED01F500DAC341 /* VerticalCollectionView.swift in Sources */,
				36EEDC5023DD020A0091817A /* StackTableViewController.swift in Sources */,
				36282C8B23ED07D300DAC341 /* ManagerCollectionsView.swift in Sources */,
				36EEDC4623DCEF460091817A /* ExampleViewController.swift in Sources */,
				363395B623DE3B63000B5E48 /* GestureViewController.swift in Sources */,
				363395B823DE3BF3000B5E48 /* GestureView.swift in Sources */,
				364C3A5F23E0F9C400C857EE /* CustomModel.swift in Sources */,
				363395B423DE0F13000B5E48 /* ScrollView.swift in Sources */,
				364C3A5923E0F45600C857EE /* CustomOneTableViewCell.swift in Sources */,
				364C3A6123E100C800C857EE /* CustomTwoTableViewCell.swift in Sources */,
			);
			runOnlyForDeploymentPostprocessing = 0;
		};
/* End PBXSourcesBuildPhase section */

/* Begin PBXVariantGroup section */
		36EEDC2E23DCE4120091817A /* Main.storyboard */ = {
			isa = PBXVariantGroup;
			children = (
				36EEDC2F23DCE4120091817A /* Base */,
			);
			name = Main.storyboard;
			sourceTree = "<group>";
		};
		36EEDC3323DCE41A0091817A /* LaunchScreen.storyboard */ = {
			isa = PBXVariantGroup;
			children = (
				36EEDC3423DCE41A0091817A /* Base */,
			);
			name = LaunchScreen.storyboard;
			sourceTree = "<group>";
		};
/* End PBXVariantGroup section */

/* Begin XCBuildConfiguration section */
		36EEDC3723DCE41A0091817A /* Debug */ = {
			isa = XCBuildConfiguration;
			buildSettings = {
				ALWAYS_SEARCH_USER_PATHS = NO;
				CLANG_ANALYZER_NONNULL = YES;
				CLANG_ANALYZER_NUMBER_OBJECT_CONVERSION = YES_AGGRESSIVE;
				CLANG_CXX_LANGUAGE_STANDARD = "gnu++14";
				CLANG_CXX_LIBRARY = "libc++";
				CLANG_ENABLE_MODULES = YES;
				CLANG_ENABLE_OBJC_ARC = YES;
				CLANG_ENABLE_OBJC_WEAK = YES;
				CLANG_WARN_BLOCK_CAPTURE_AUTORELEASING = YES;
				CLANG_WARN_BOOL_CONVERSION = YES;
				CLANG_WARN_COMMA = YES;
				CLANG_WARN_CONSTANT_CONVERSION = YES;
				CLANG_WARN_DEPRECATED_OBJC_IMPLEMENTATIONS = YES;
				CLANG_WARN_DIRECT_OBJC_ISA_USAGE = YES_ERROR;
				CLANG_WARN_DOCUMENTATION_COMMENTS = YES;
				CLANG_WARN_EMPTY_BODY = YES;
				CLANG_WARN_ENUM_CONVERSION = YES;
				CLANG_WARN_INFINITE_RECURSION = YES;
				CLANG_WARN_INT_CONVERSION = YES;
				CLANG_WARN_NON_LITERAL_NULL_CONVERSION = YES;
				CLANG_WARN_OBJC_IMPLICIT_RETAIN_SELF = YES;
				CLANG_WARN_OBJC_LITERAL_CONVERSION = YES;
				CLANG_WARN_OBJC_ROOT_CLASS = YES_ERROR;
				CLANG_WARN_RANGE_LOOP_ANALYSIS = YES;
				CLANG_WARN_STRICT_PROTOTYPES = YES;
				CLANG_WARN_SUSPICIOUS_MOVE = YES;
				CLANG_WARN_UNGUARDED_AVAILABILITY = YES_AGGRESSIVE;
				CLANG_WARN_UNREACHABLE_CODE = YES;
				CLANG_WARN__DUPLICATE_METHOD_MATCH = YES;
				COPY_PHASE_STRIP = NO;
				DEBUG_INFORMATION_FORMAT = dwarf;
				ENABLE_STRICT_OBJC_MSGSEND = YES;
				ENABLE_TESTABILITY = YES;
				GCC_C_LANGUAGE_STANDARD = gnu11;
				GCC_DYNAMIC_NO_PIC = NO;
				GCC_NO_COMMON_BLOCKS = YES;
				GCC_OPTIMIZATION_LEVEL = 0;
				GCC_PREPROCESSOR_DEFINITIONS = (
					"DEBUG=1",
					"$(inherited)",
				);
				GCC_WARN_64_TO_32_BIT_CONVERSION = YES;
				GCC_WARN_ABOUT_RETURN_TYPE = YES_ERROR;
				GCC_WARN_UNDECLARED_SELECTOR = YES;
				GCC_WARN_UNINITIALIZED_AUTOS = YES_AGGRESSIVE;
				GCC_WARN_UNUSED_FUNCTION = YES;
				GCC_WARN_UNUSED_VARIABLE = YES;
				IPHONEOS_DEPLOYMENT_TARGET = 13.2;
				MTL_ENABLE_DEBUG_INFO = INCLUDE_SOURCE;
				MTL_FAST_MATH = YES;
				ONLY_ACTIVE_ARCH = YES;
				SDKROOT = iphoneos;
				SWIFT_ACTIVE_COMPILATION_CONDITIONS = DEBUG;
				SWIFT_OPTIMIZATION_LEVEL = "-Onone";
			};
			name = Debug;
		};
		36EEDC3823DCE41A0091817A /* Release */ = {
			isa = XCBuildConfiguration;
			buildSettings = {
				ALWAYS_SEARCH_USER_PATHS = NO;
				CLANG_ANALYZER_NONNULL = YES;
				CLANG_ANALYZER_NUMBER_OBJECT_CONVERSION = YES_AGGRESSIVE;
				CLANG_CXX_LANGUAGE_STANDARD = "gnu++14";
				CLANG_CXX_LIBRARY = "libc++";
				CLANG_ENABLE_MODULES = YES;
				CLANG_ENABLE_OBJC_ARC = YES;
				CLANG_ENABLE_OBJC_WEAK = YES;
				CLANG_WARN_BLOCK_CAPTURE_AUTORELEASING = YES;
				CLANG_WARN_BOOL_CONVERSION = YES;
				CLANG_WARN_COMMA = YES;
				CLANG_WARN_CONSTANT_CONVERSION = YES;
				CLANG_WARN_DEPRECATED_OBJC_IMPLEMENTATIONS = YES;
				CLANG_WARN_DIRECT_OBJC_ISA_USAGE = YES_ERROR;
				CLANG_WARN_DOCUMENTATION_COMMENTS = YES;
				CLANG_WARN_EMPTY_BODY = YES;
				CLANG_WARN_ENUM_CONVERSION = YES;
				CLANG_WARN_INFINITE_RECURSION = YES;
				CLANG_WARN_INT_CONVERSION = YES;
				CLANG_WARN_NON_LITERAL_NULL_CONVERSION = YES;
				CLANG_WARN_OBJC_IMPLICIT_RETAIN_SELF = YES;
				CLANG_WARN_OBJC_LITERAL_CONVERSION = YES;
				CLANG_WARN_OBJC_ROOT_CLASS = YES_ERROR;
				CLANG_WARN_RANGE_LOOP_ANALYSIS = YES;
				CLANG_WARN_STRICT_PROTOTYPES = YES;
				CLANG_WARN_SUSPICIOUS_MOVE = YES;
				CLANG_WARN_UNGUARDED_AVAILABILITY = YES_AGGRESSIVE;
				CLANG_WARN_UNREACHABLE_CODE = YES;
				CLANG_WARN__DUPLICATE_METHOD_MATCH = YES;
				COPY_PHASE_STRIP = NO;
				DEBUG_INFORMATION_FORMAT = "dwarf-with-dsym";
				ENABLE_NS_ASSERTIONS = NO;
				ENABLE_STRICT_OBJC_MSGSEND = YES;
				GCC_C_LANGUAGE_STANDARD = gnu11;
				GCC_NO_COMMON_BLOCKS = YES;
				GCC_WARN_64_TO_32_BIT_CONVERSION = YES;
				GCC_WARN_ABOUT_RETURN_TYPE = YES_ERROR;
				GCC_WARN_UNDECLARED_SELECTOR = YES;
				GCC_WARN_UNINITIALIZED_AUTOS = YES_AGGRESSIVE;
				GCC_WARN_UNUSED_FUNCTION = YES;
				GCC_WARN_UNUSED_VARIABLE = YES;
				IPHONEOS_DEPLOYMENT_TARGET = 13.2;
				MTL_ENABLE_DEBUG_INFO = NO;
				MTL_FAST_MATH = YES;
				SDKROOT = iphoneos;
				SWIFT_COMPILATION_MODE = wholemodule;
				SWIFT_OPTIMIZATION_LEVEL = "-O";
				VALIDATE_PRODUCT = YES;
			};
			name = Release;
		};
		36EEDC3A23DCE41A0091817A /* Debug */ = {
			isa = XCBuildConfiguration;
			buildSettings = {
				ASSETCATALOG_COMPILER_APPICON_NAME = AppIcon;
				CODE_SIGN_STYLE = Automatic;
				INFOPLIST_FILE = Study/Info.plist;
				LD_RUNPATH_SEARCH_PATHS = (
					"$(inherited)",
					"@executable_path/Frameworks",
				);
				PRODUCT_BUNDLE_IDENTIFIER = com.gustavorocha.Study;
				PRODUCT_NAME = "$(TARGET_NAME)";
				SWIFT_VERSION = 5.0;
				TARGETED_DEVICE_FAMILY = 1;
			};
			name = Debug;
		};
		36EEDC3B23DCE41A0091817A /* Release */ = {
			isa = XCBuildConfiguration;
			buildSettings = {
				ASSETCATALOG_COMPILER_APPICON_NAME = AppIcon;
				CODE_SIGN_STYLE = Automatic;
				INFOPLIST_FILE = Study/Info.plist;
				LD_RUNPATH_SEARCH_PATHS = (
					"$(inherited)",
					"@executable_path/Frameworks",
				);
				PRODUCT_BUNDLE_IDENTIFIER = com.gustavorocha.Study;
				PRODUCT_NAME = "$(TARGET_NAME)";
				SWIFT_VERSION = 5.0;
				TARGETED_DEVICE_FAMILY = 1;
			};
			name = Release;
		};
/* End XCBuildConfiguration section */

/* Begin XCConfigurationList section */
		36EEDC2023DCE4120091817A /* Build configuration list for PBXProject "Study" */ = {
			isa = XCConfigurationList;
			buildConfigurations = (
				36EEDC3723DCE41A0091817A /* Debug */,
				36EEDC3823DCE41A0091817A /* Release */,
			);
			defaultConfigurationIsVisible = 0;
			defaultConfigurationName = Release;
		};
		36EEDC3923DCE41A0091817A /* Build configuration list for PBXNativeTarget "Study" */ = {
			isa = XCConfigurationList;
			buildConfigurations = (
				36EEDC3A23DCE41A0091817A /* Debug */,
				36EEDC3B23DCE41A0091817A /* Release */,
			);
			defaultConfigurationIsVisible = 0;
			defaultConfigurationName = Release;
		};
/* End XCConfigurationList section */
	};
	rootObject = 36EEDC1D23DCE4120091817A /* Project object */;
}
